
Microsoft Visual Studio Solution File, Format Version 12.00
# Visual Studio 15
Project("{FAE04EC0-301F-11D3-BF4B-00C04F79EFBC}") = "everisapi.API", "everisapi.API.csproj", "{BAE61442-C4CC-4484-AF08-C6565D63C5EF}"
EndProject
Global
	GlobalSection(SolutionConfigurationPlatforms) = preSolution
		Debug|Any CPU = Debug|Any CPU
		Release|Any CPU = Release|Any CPU
	EndGlobalSection
	GlobalSection(ProjectConfigurationPlatforms) = postSolution
		{BAE61442-C4CC-4484-AF08-C6565D63C5EF}.Debug|Any CPU.ActiveCfg = Debug|Any CPU
		{BAE61442-C4CC-4484-AF08-C6565D63C5EF}.Debug|Any CPU.Build.0 = Debug|Any CPU
		{BAE61442-C4CC-4484-AF08-C6565D63C5EF}.Release|Any CPU.ActiveCfg = Release|Any CPU
		{BAE61442-C4CC-4484-AF08-C6565D63C5EF}.Release|Any CPU.Build.0 = Release|Any CPU
	EndGlobalSection
EndGlobal
